
Microsoft Visual Studio Solution File, Format Version 12.00
# Visual Studio 14
VisualStudioVersion = 14.0.25123.0
MinimumVisualStudioVersion = 10.0.40219.1
Project("{FAE04EC0-301F-11D3-BF4B-00C04F79EFBC}") = "PaySlipGenerator", "PaySlipGenerator\PaySlipGenerator.csproj", "{EA11C654-7866-4087-8FE2-78225DDF445E}"
EndProject
Project("{FAE04EC0-301F-11D3-BF4B-00C04F79EFBC}") = "PaySlipGenerator.Tests", "PaySlipGenerator.Tests\PaySlipGenerator.Tests.csproj", "{AEE76625-FEDD-4AB1-9C52-735734F7A007}"
EndProject
Global
	GlobalSection(SolutionConfigurationPlatforms) = preSolution
		Debug|Any CPU = Debug|Any CPU
		Release|Any CPU = Release|Any CPU
	EndGlobalSection
	GlobalSection(ProjectConfigurationPlatforms) = postSolution
		{EA11C654-7866-4087-8FE2-78225DDF445E}.Debug|Any CPU.ActiveCfg = Debug|Any CPU
		{EA11C654-7866-4087-8FE2-78225DDF445E}.Debug|Any CPU.Build.0 = Debug|Any CPU
		{EA11C654-7866-4087-8FE2-78225DDF445E}.Release|Any CPU.ActiveCfg = Release|Any CPU
		{EA11C654-7866-4087-8FE2-78225DDF445E}.Release|Any CPU.Build.0 = Release|Any CPU
		{AEE76625-FEDD-4AB1-9C52-735734F7A007}.Debug|Any CPU.ActiveCfg = Debug|Any CPU
		{AEE76625-FEDD-4AB1-9C52-735734F7A007}.Debug|Any CPU.Build.0 = Debug|Any CPU
		{AEE76625-FEDD-4AB1-9C52-735734F7A007}.Release|Any CPU.ActiveCfg = Release|Any CPU
		{AEE76625-FEDD-4AB1-9C52-735734F7A007}.Release|Any CPU.Build.0 = Release|Any CPU
	EndGlobalSection
	GlobalSection(SolutionProperties) = preSolution
		HideSolutionNode = FALSE
	EndGlobalSection
EndGlobal
